
Microsoft Visual Studio Solution File, Format Version 12.00
# Visual Studio Version 16
VisualStudioVersion = 16.0.31205.134
MinimumVisualStudioVersion = 10.0.40219.1
Project("{FAE04EC0-301F-11D3-BF4B-00C04F79EFBC}") = "homework2", "homework2\homework2.csproj", "{390064A2-D089-4AB7-A23A-85B126303A7A}"
EndProject
Global
	GlobalSection(SolutionConfigurationPlatforms) = preSolution
		Debug|Any CPU = Debug|Any CPU
		Release|Any CPU = Release|Any CPU
	EndGlobalSection
	GlobalSection(ProjectConfigurationPlatforms) = postSolution
		{390064A2-D089-4AB7-A23A-85B126303A7A}.Debug|Any CPU.ActiveCfg = Debug|Any CPU
		{390064A2-D089-4AB7-A23A-85B126303A7A}.Debug|Any CPU.Build.0 = Debug|Any CPU
		{390064A2-D089-4AB7-A23A-85B126303A7A}.Release|Any CPU.ActiveCfg = Release|Any CPU
		{390064A2-D089-4AB7-A23A-85B126303A7A}.Release|Any CPU.Build.0 = Release|Any CPU
	EndGlobalSection
	GlobalSection(SolutionProperties) = preSolution
		HideSolutionNode = FALSE
	EndGlobalSection
	GlobalSection(ExtensibilityGlobals) = postSolution
		SolutionGuid = {F848325A-600A-420A-9117-9DDD7E526DF7}
	EndGlobalSection
EndGlobal
